
Microsoft Visual Studio Solution File, Format Version 12.00
# Visual Studio 2015
Project("{FAE04EC0-301F-11D3-BF4B-00C04F79EFBC}") = "TowerAndMerchant_NetContent", "TowerAndMerchant_NetContent.csproj", "{039C60FF-E93F-A41D-5751-FB5409CAAFD9}"
EndProject
Project("{FAE04EC0-301F-11D3-BF4B-00C04F79EFBC}") = "TowerAndMerchant_NetContent.Editor", "TowerAndMerchant_NetContent.Editor.csproj", "{ADAC70FF-8997-2263-F682-88C602C1C04F}"
EndProject
Global
	GlobalSection(SolutionConfigurationPlatforms) = preSolution
		Debug|Any CPU = Debug|Any CPU
		Release|Any CPU = Release|Any CPU
	EndGlobalSection
	GlobalSection(ProjectConfigurationPlatforms) = postSolution
		{039C60FF-E93F-A41D-5751-FB5409CAAFD9}.Debug|Any CPU.ActiveCfg = Debug|Any CPU
		{039C60FF-E93F-A41D-5751-FB5409CAAFD9}.Debug|Any CPU.Build.0 = Debug|Any CPU
		{039C60FF-E93F-A41D-5751-FB5409CAAFD9}.Release|Any CPU.ActiveCfg = Release|Any CPU
		{039C60FF-E93F-A41D-5751-FB5409CAAFD9}.Release|Any CPU.Build.0 = Release|Any CPU
		{ADAC70FF-8997-2263-F682-88C602C1C04F}.Debug|Any CPU.ActiveCfg = Debug|Any CPU
		{ADAC70FF-8997-2263-F682-88C602C1C04F}.Debug|Any CPU.Build.0 = Debug|Any CPU
		{ADAC70FF-8997-2263-F682-88C602C1C04F}.Release|Any CPU.ActiveCfg = Release|Any CPU
		{ADAC70FF-8997-2263-F682-88C602C1C04F}.Release|Any CPU.Build.0 = Release|Any CPU
	EndGlobalSection
	GlobalSection(SolutionProperties) = preSolution
		HideSolutionNode = FALSE
	EndGlobalSection
EndGlobal
