
Microsoft Visual Studio Solution File, Format Version 12.00
# Visual Studio 2015
Project("{FAE04EC0-301F-11D3-BF4B-00C04F79EFBC}") = "TowerAndMerchant_NetContent_通信底层优化_可行性测试_json作为通讯数据", "TowerAndMerchant_NetContent_通信底层优化_可行性测试_json作为通讯数据.csproj", "{1417D76A-3627-68C1-FF9A-557B0286184C}"
EndProject
Project("{FAE04EC0-301F-11D3-BF4B-00C04F79EFBC}") = "TowerAndMerchant_NetContent_通信底层优化_可行性测试_json作为通讯数据.Editor", "TowerAndMerchant_NetContent_通信底层优化_可行性测试_json作为通讯数据.Editor.csproj", "{B23477B1-14D8-D228-66EA-2E69359211B2}"
EndProject
Global
	GlobalSection(SolutionConfigurationPlatforms) = preSolution
		Debug|Any CPU = Debug|Any CPU
		Release|Any CPU = Release|Any CPU
	EndGlobalSection
	GlobalSection(ProjectConfigurationPlatforms) = postSolution
		{1417D76A-3627-68C1-FF9A-557B0286184C}.Debug|Any CPU.ActiveCfg = Debug|Any CPU
		{1417D76A-3627-68C1-FF9A-557B0286184C}.Debug|Any CPU.Build.0 = Debug|Any CPU
		{1417D76A-3627-68C1-FF9A-557B0286184C}.Release|Any CPU.ActiveCfg = Release|Any CPU
		{1417D76A-3627-68C1-FF9A-557B0286184C}.Release|Any CPU.Build.0 = Release|Any CPU
		{B23477B1-14D8-D228-66EA-2E69359211B2}.Debug|Any CPU.ActiveCfg = Debug|Any CPU
		{B23477B1-14D8-D228-66EA-2E69359211B2}.Debug|Any CPU.Build.0 = Debug|Any CPU
		{B23477B1-14D8-D228-66EA-2E69359211B2}.Release|Any CPU.ActiveCfg = Release|Any CPU
		{B23477B1-14D8-D228-66EA-2E69359211B2}.Release|Any CPU.Build.0 = Release|Any CPU
	EndGlobalSection
	GlobalSection(SolutionProperties) = preSolution
		HideSolutionNode = FALSE
	EndGlobalSection
EndGlobal
